
Microsoft Visual Studio Solution File, Format Version 12.00
# Visual Studio Version 17
VisualStudioVersion = 17.6.33829.357
MinimumVisualStudioVersion = 10.0.40219.1
Project("{FAE04EC0-301F-11D3-BF4B-00C04F79EFBC}") = "Hotelll", "Hotelll\Hotelll.csproj", "{8C0F3082-E408-429C-8DF1-C044791C0B72}"
EndProject
Project("{FAE04EC0-301F-11D3-BF4B-00C04F79EFBC}") = "Domain", "Domain\Domain.csproj", "{598A70D9-45BB-40B3-9169-3FA2A39FF1ED}"
EndProject
Project("{FAE04EC0-301F-11D3-BF4B-00C04F79EFBC}") = "Service", "Service\Service.csproj", "{310D63FF-6A76-4D96-B612-A261C60CC3D9}"
EndProject
Global
	GlobalSection(SolutionConfigurationPlatforms) = preSolution
		Debug|Any CPU = Debug|Any CPU
		Release|Any CPU = Release|Any CPU
	EndGlobalSection
	GlobalSection(ProjectConfigurationPlatforms) = postSolution
		{8C0F3082-E408-429C-8DF1-C044791C0B72}.Debug|Any CPU.ActiveCfg = Debug|Any CPU
		{8C0F3082-E408-429C-8DF1-C044791C0B72}.Debug|Any CPU.Build.0 = Debug|Any CPU
		{8C0F3082-E408-429C-8DF1-C044791C0B72}.Release|Any CPU.ActiveCfg = Release|Any CPU
		{8C0F3082-E408-429C-8DF1-C044791C0B72}.Release|Any CPU.Build.0 = Release|Any CPU
		{598A70D9-45BB-40B3-9169-3FA2A39FF1ED}.Debug|Any CPU.ActiveCfg = Debug|Any CPU
		{598A70D9-45BB-40B3-9169-3FA2A39FF1ED}.Debug|Any CPU.Build.0 = Debug|Any CPU
		{598A70D9-45BB-40B3-9169-3FA2A39FF1ED}.Release|Any CPU.ActiveCfg = Release|Any CPU
		{598A70D9-45BB-40B3-9169-3FA2A39FF1ED}.Release|Any CPU.Build.0 = Release|Any CPU
		{310D63FF-6A76-4D96-B612-A261C60CC3D9}.Debug|Any CPU.ActiveCfg = Debug|Any CPU
		{310D63FF-6A76-4D96-B612-A261C60CC3D9}.Debug|Any CPU.Build.0 = Debug|Any CPU
		{310D63FF-6A76-4D96-B612-A261C60CC3D9}.Release|Any CPU.ActiveCfg = Release|Any CPU
		{310D63FF-6A76-4D96-B612-A261C60CC3D9}.Release|Any CPU.Build.0 = Release|Any CPU
	EndGlobalSection
	GlobalSection(SolutionProperties) = preSolution
		HideSolutionNode = FALSE
	EndGlobalSection
	GlobalSection(ExtensibilityGlobals) = postSolution
		SolutionGuid = {F6013CA3-1330-4C08-B35D-702C4DDAF427}
	EndGlobalSection
EndGlobal
